
Microsoft Visual Studio Solution File, Format Version 12.00
# Visual Studio 15
VisualStudioVersion = 15.0.27004.2009
MinimumVisualStudioVersion = 10.0.40219.1
Project("{FAE04EC0-301F-11D3-BF4B-00C04F79EFBC}") = "MqttMonitor", "MqttMonitor\MqttMonitor.csproj", "{194CB2F9-BBFD-4151-BE51-A5C2243DF43A}"
EndProject
Project("{FAE04EC0-301F-11D3-BF4B-00C04F79EFBC}") = "MqttMonitor.Core", "MqttMonitor.Core\MqttMonitor.Core.csproj", "{D2EE5478-89EA-46EC-BB2E-3AE3F68363B9}"
EndProject
Project("{FAE04EC0-301F-11D3-BF4B-00C04F79EFBC}") = "MqttMonitor.UnitTests", "MqttMonitor.Core.UnitTests\MqttMonitor.UnitTests.csproj", "{927DFB41-7BAA-4253-AB25-34DFD654613D}"
EndProject
Project("{FAE04EC0-301F-11D3-BF4B-00C04F79EFBC}") = "MqttMonitor.DataAccess", "MqttMonitor.DataAccess\MqttMonitor.DataAccess.csproj", "{60A04A81-0F7E-43BA-A3F6-E830A79689CF}"
EndProject
Global
	GlobalSection(SolutionConfigurationPlatforms) = preSolution
		Debug|Any CPU = Debug|Any CPU
		Release|Any CPU = Release|Any CPU
	EndGlobalSection
	GlobalSection(ProjectConfigurationPlatforms) = postSolution
		{194CB2F9-BBFD-4151-BE51-A5C2243DF43A}.Debug|Any CPU.ActiveCfg = Debug|Any CPU
		{194CB2F9-BBFD-4151-BE51-A5C2243DF43A}.Debug|Any CPU.Build.0 = Debug|Any CPU
		{194CB2F9-BBFD-4151-BE51-A5C2243DF43A}.Release|Any CPU.ActiveCfg = Release|Any CPU
		{194CB2F9-BBFD-4151-BE51-A5C2243DF43A}.Release|Any CPU.Build.0 = Release|Any CPU
		{D2EE5478-89EA-46EC-BB2E-3AE3F68363B9}.Debug|Any CPU.ActiveCfg = Debug|Any CPU
		{D2EE5478-89EA-46EC-BB2E-3AE3F68363B9}.Debug|Any CPU.Build.0 = Debug|Any CPU
		{D2EE5478-89EA-46EC-BB2E-3AE3F68363B9}.Release|Any CPU.ActiveCfg = Release|Any CPU
		{D2EE5478-89EA-46EC-BB2E-3AE3F68363B9}.Release|Any CPU.Build.0 = Release|Any CPU
		{927DFB41-7BAA-4253-AB25-34DFD654613D}.Debug|Any CPU.ActiveCfg = Debug|Any CPU
		{927DFB41-7BAA-4253-AB25-34DFD654613D}.Debug|Any CPU.Build.0 = Debug|Any CPU
		{927DFB41-7BAA-4253-AB25-34DFD654613D}.Release|Any CPU.ActiveCfg = Release|Any CPU
		{927DFB41-7BAA-4253-AB25-34DFD654613D}.Release|Any CPU.Build.0 = Release|Any CPU
		{60A04A81-0F7E-43BA-A3F6-E830A79689CF}.Debug|Any CPU.ActiveCfg = Debug|Any CPU
		{60A04A81-0F7E-43BA-A3F6-E830A79689CF}.Debug|Any CPU.Build.0 = Debug|Any CPU
		{60A04A81-0F7E-43BA-A3F6-E830A79689CF}.Release|Any CPU.ActiveCfg = Release|Any CPU
		{60A04A81-0F7E-43BA-A3F6-E830A79689CF}.Release|Any CPU.Build.0 = Release|Any CPU
	EndGlobalSection
	GlobalSection(SolutionProperties) = preSolution
		HideSolutionNode = FALSE
	EndGlobalSection
	GlobalSection(ExtensibilityGlobals) = postSolution
		SolutionGuid = {260DBFDA-C3FB-4768-8FE3-DA5D0077AFA5}
	EndGlobalSection
EndGlobal
